
Microsoft Visual Studio Solution File, Format Version 12.00
# Visual Studio Version 16
VisualStudioVersion = 16.0.29123.88
MinimumVisualStudioVersion = 10.0.40219.1
Project("{9A19103F-16F7-4668-BE54-9A1E7A4F7556}") = "Magicodes.SwaggerUI", "Magicodes.SwaggerUI\Magicodes.SwaggerUI.csproj", "{6DFD6EA6-C394-45F0-932C-3661BA144451}"
EndProject
Project("{2150E333-8FDC-42A3-9474-1A3956D46DE8}") = "Solution Items", "Solution Items", "{99C60890-9805-4D50-B661-3AEEA7784EC2}"
	ProjectSection(SolutionItems) = preProject
		..\README.md = ..\README.md
	EndProjectSection
EndProject
Project("{9A19103F-16F7-4668-BE54-9A1E7A4F7556}") = "ApiGroupTestHost", "ApiGroupTestHost\ApiGroupTestHost.csproj", "{736CFBFB-0DE8-4238-B82F-766D7E46BE83}"
EndProject
Project("{FAE04EC0-301F-11D3-BF4B-00C04F79EFBC}") = "TestHost", "TestHost\TestHost.csproj", "{342ABF70-18A5-4CAB-B948-DCB647341BF7}"
EndProject
Global
	GlobalSection(SolutionConfigurationPlatforms) = preSolution
		Debug|Any CPU = Debug|Any CPU
		Release|Any CPU = Release|Any CPU
	EndGlobalSection
	GlobalSection(ProjectConfigurationPlatforms) = postSolution
		{6DFD6EA6-C394-45F0-932C-3661BA144451}.Debug|Any CPU.ActiveCfg = Debug|Any CPU
		{6DFD6EA6-C394-45F0-932C-3661BA144451}.Debug|Any CPU.Build.0 = Debug|Any CPU
		{6DFD6EA6-C394-45F0-932C-3661BA144451}.Release|Any CPU.ActiveCfg = Release|Any CPU
		{6DFD6EA6-C394-45F0-932C-3661BA144451}.Release|Any CPU.Build.0 = Release|Any CPU
		{736CFBFB-0DE8-4238-B82F-766D7E46BE83}.Debug|Any CPU.ActiveCfg = Debug|Any CPU
		{736CFBFB-0DE8-4238-B82F-766D7E46BE83}.Debug|Any CPU.Build.0 = Debug|Any CPU
		{736CFBFB-0DE8-4238-B82F-766D7E46BE83}.Release|Any CPU.ActiveCfg = Release|Any CPU
		{736CFBFB-0DE8-4238-B82F-766D7E46BE83}.Release|Any CPU.Build.0 = Release|Any CPU
		{342ABF70-18A5-4CAB-B948-DCB647341BF7}.Debug|Any CPU.ActiveCfg = Debug|Any CPU
		{342ABF70-18A5-4CAB-B948-DCB647341BF7}.Debug|Any CPU.Build.0 = Debug|Any CPU
		{342ABF70-18A5-4CAB-B948-DCB647341BF7}.Release|Any CPU.ActiveCfg = Release|Any CPU
		{342ABF70-18A5-4CAB-B948-DCB647341BF7}.Release|Any CPU.Build.0 = Release|Any CPU
	EndGlobalSection
	GlobalSection(SolutionProperties) = preSolution
		HideSolutionNode = FALSE
	EndGlobalSection
	GlobalSection(ExtensibilityGlobals) = postSolution
		SolutionGuid = {D15EDCA6-5121-4BD0-9C5F-62D46F58EF01}
	EndGlobalSection
EndGlobal
